// !$*UTF8*$!
{
	archiveVersion = 1;
	classes = {
	};
	objectVersion = 56;
	objects = {

/* Begin PBXBuildFile section */
		50F25BC22BDE4F480023CD86 /* sdk_lib.docc in Sources */ = {isa = PBXBuildFile; fileRef = 50F25BC12BDE4F480023CD86 /* sdk_lib.docc */; };
		50F25BD32BDE4F480023CD86 /* sdk_lib.framework in Frameworks */ = {isa = PBXBuildFile; fileRef = 50F25BBE2BDE4F480023CD86 /* sdk_lib.framework */; };
		50F25BD42BDE4F480023CD86 /* sdk_lib.framework in Embed Frameworks */ = {isa = PBXBuildFile; fileRef = 50F25BBE2BDE4F480023CD86 /* sdk_lib.framework */; settings = {ATTRIBUTES = (CodeSignOnCopy, RemoveHeadersOnCopy, ); }; };
		50F25C402BDE4FDB0023CD86 /* LEIGODIMCommonDelegate.h in Headers */ = {isa = PBXBuildFile; fileRef = 50F25BDC2BDE4FDA0023CD86 /* LEIGODIMCommonDelegate.h */; settings = {ATTRIBUTES = (Public, ); }; };
		50F25C412BDE4FDB0023CD86 /* LEIGODIMCommonManager.h in Headers */ = {isa = PBXBuildFile; fileRef = 50F25BDD2BDE4FDA0023CD86 /* LEIGODIMCommonManager.h */; settings = {ATTRIBUTES = (Public, ); }; };
		50F25C432BDE4FDC0023CD86 /* LEIGODIMLoginManager.h in Headers */ = {isa = PBXBuildFile; fileRef = 50F25BDF2BDE4FDA0023CD86 /* LEIGODIMLoginManager.h */; settings = {ATTRIBUTES = (Public, ); }; };
		50F25C442BDE4FDC0023CD86 /* LEIGODIMCommonManager.mm in Sources */ = {isa = PBXBuildFile; fileRef = 50F25BE02BDE4FDA0023CD86 /* LEIGODIMCommonManager.mm */; };
		50F25C452BDE4FDC0023CD86 /* libabsl_die_if_null.a in Frameworks */ = {isa = PBXBuildFile; fileRef = 50F25BE22BDE4FDB0023CD86 /* libabsl_die_if_null.a */; };
		50F25C462BDE4FDC0023CD86 /* libabsl_log_internal_conditions.a in Frameworks */ = {isa = PBXBuildFile; fileRef = 50F25BE32BDE4FDB0023CD86 /* libabsl_log_internal_conditions.a */; };
		50F25C472BDE4FDC0023CD86 /* libabsl_city.a in Frameworks */ = {isa = PBXBuildFile; fileRef = 50F25BE42BDE4FDB0023CD86 /* libabsl_city.a */; };
		50F25C482BDE4FDC0023CD86 /* libabsl_time_zone.a in Frameworks */ = {isa = PBXBuildFile; fileRef = 50F25BE52BDE4FDB0023CD86 /* libabsl_time_zone.a */; };
		50F25C492BDE4FDC0023CD86 /* libabsl_kernel_timeout_internal.a in Frameworks */ = {isa = PBXBuildFile; fileRef = 50F25BE62BDE4FDB0023CD86 /* libabsl_kernel_timeout_internal.a */; };
		50F25C4A2BDE4FDC0023CD86 /* libabsl_spinlock_wait.a in Frameworks */ = {isa = PBXBuildFile; fileRef = 50F25BE72BDE4FDB0023CD86 /* libabsl_spinlock_wait.a */; };
		50F25C4B2BDE4FDC0023CD86 /* libabsl_cord.a in Frameworks */ = {isa = PBXBuildFile; fileRef = 50F25BE82BDE4FDB0023CD86 /* libabsl_cord.a */; };
		50F25C4C2BDE4FDC0023CD86 /* libabsl_status.a in Frameworks */ = {isa = PBXBuildFile; fileRef = 50F25BE92BDE4FDB0023CD86 /* libabsl_status.a */; };
		50F25C4D2BDE4FDC0023CD86 /* libabsl_log_severity.a in Frameworks */ = {isa = PBXBuildFile; fileRef = 50F25BEA2BDE4FDB0023CD86 /* libabsl_log_severity.a */; };
		50F25C4E2BDE4FDC0023CD86 /* libabsl_failure_signal_handler.a in Frameworks */ = {isa = PBXBuildFile; fileRef = 50F25BEB2BDE4FDB0023CD86 /* libabsl_failure_signal_handler.a */; };
		50F25C4F2BDE4FDC0023CD86 /* libabsl_log_internal_nullguard.a in Frameworks */ = {isa = PBXBuildFile; fileRef = 50F25BEC2BDE4FDB0023CD86 /* libabsl_log_internal_nullguard.a */; };
		50F25C502BDE4FDC0023CD86 /* libabsl_log_internal_log_sink_set.a in Frameworks */ = {isa = PBXBuildFile; fileRef = 50F25BED2BDE4FDB0023CD86 /* libabsl_log_internal_log_sink_set.a */; };
		50F25C512BDE4FDC0023CD86 /* libabsl_bad_optional_access.a in Frameworks */ = {isa = PBXBuildFile; fileRef = 50F25BEE2BDE4FDB0023CD86 /* libabsl_bad_optional_access.a */; };
		50F25C522BDE4FDC0023CD86 /* libabsl_hash.a in Frameworks */ = {isa = PBXBuildFile; fileRef = 50F25BEF2BDE4FDB0023CD86 /* libabsl_hash.a */; };
		50F25C532BDE4FDC0023CD86 /* libabsl_flags_commandlineflag.a in Frameworks */ = {isa = PBXBuildFile; fileRef = 50F25BF02BDE4FDB0023CD86 /* libabsl_flags_commandlineflag.a */; };
		50F25C542BDE4FDC0023CD86 /* libabsl_raw_logging_internal.a in Frameworks */ = {isa = PBXBuildFile; fileRef = 50F25BF12BDE4FDB0023CD86 /* libabsl_raw_logging_internal.a */; };
		50F25C552BDE4FDC0023CD86 /* libabsl_log_internal_format.a in Frameworks */ = {isa = PBXBuildFile; fileRef = 50F25BF22BDE4FDB0023CD86 /* libabsl_log_internal_format.a */; };
		50F25C562BDE4FDC0023CD86 /* libabsl_string_view.a in Frameworks */ = {isa = PBXBuildFile; fileRef = 50F25BF32BDE4FDB0023CD86 /* libabsl_string_view.a */; };
		50F25C572BDE4FDC0023CD86 /* libabsl_random_internal_pool_urbg.a in Frameworks */ = {isa = PBXBuildFile; fileRef = 50F25BF42BDE4FDB0023CD86 /* libabsl_random_internal_pool_urbg.a */; };
		50F25C582BDE4FDC0023CD86 /* libabsl_cord_internal.a in Frameworks */ = {isa = PBXBuildFile; fileRef = 50F25BF52BDE4FDB0023CD86 /* libabsl_cord_internal.a */; };
		50F25C592BDE4FDC0023CD86 /* libabsl_base.a in Frameworks */ = {isa = PBXBuildFile; fileRef = 50F25BF62BDE4FDB0023CD86 /* libabsl_base.a */; };
		50F25C5A2BDE4FDC0023CD86 /* libabsl_cordz_info.a in Frameworks */ = {isa = PBXBuildFile; fileRef = 50F25BF72BDE4FDB0023CD86 /* libabsl_cordz_info.a */; };
		50F25C5B2BDE4FDC0023CD86 /* libabsl_bad_any_cast_impl.a in Frameworks */ = {isa = PBXBuildFile; fileRef = 50F25BF82BDE4FDB0023CD86 /* libabsl_bad_any_cast_impl.a */; };
		50F25C5C2BDE4FDC0023CD86 /* libabsl_periodic_sampler.a in Frameworks */ = {isa = PBXBuildFile; fileRef = 50F25BF92BDE4FDB0023CD86 /* libabsl_periodic_sampler.a */; };
		50F25C5D2BDE4FDC0023CD86 /* libabsl_random_distributions.a in Frameworks */ = {isa = PBXBuildFile; fileRef = 50F25BFA2BDE4FDB0023CD86 /* libabsl_random_distributions.a */; };
		50F25C5E2BDE4FDC0023CD86 /* libabsl_flags_usage_internal.a in Frameworks */ = {isa = PBXBuildFile; fileRef = 50F25BFB2BDE4FDB0023CD86 /* libabsl_flags_usage_internal.a */; };
		50F25C5F2BDE4FDC0023CD86 /* libabsl_random_seed_sequences.a in Frameworks */ = {isa = PBXBuildFile; fileRef = 50F25BFC2BDE4FDB0023CD86 /* libabsl_random_seed_sequences.a */; };
		50F25C602BDE4FDC0023CD86 /* libabsl_random_internal_platform.a in Frameworks */ = {isa = PBXBuildFile; fileRef = 50F25BFD2BDE4FDB0023CD86 /* libabsl_random_internal_platform.a */; };
		50F25C612BDE4FDC0023CD86 /* libabsl_throw_delegate.a in Frameworks */ = {isa = PBXBuildFile; fileRef = 50F25BFE2BDE4FDB0023CD86 /* libabsl_throw_delegate.a */; };
		50F25C622BDE4FDC0023CD86 /* libabsl_debugging_internal.a in Frameworks */ = {isa = PBXBuildFile; fileRef = 50F25BFF2BDE4FDB0023CD86 /* libabsl_debugging_internal.a */; };
		50F25C632BDE4FDC0023CD86 /* libleigod-im-cross-sdk.a in Frameworks */ = {isa = PBXBuildFile; fileRef = 50F25C002BDE4FDB0023CD86 /* libleigod-im-cross-sdk.a */; };
		50F25C642BDE4FDC0023CD86 /* libabsl_log_internal_fnmatch.a in Frameworks */ = {isa = PBXBuildFile; fileRef = 50F25C012BDE4FDB0023CD86 /* libabsl_log_internal_fnmatch.a */; };
		50F25C652BDE4FDC0023CD86 /* libabsl_flags_private_handle_accessor.a in Frameworks */ = {isa = PBXBuildFile; fileRef = 50F25C022BDE4FDB0023CD86 /* libabsl_flags_private_handle_accessor.a */; };
		50F25C662BDE4FDC0023CD86 /* libutf8_range.a in Frameworks */ = {isa = PBXBuildFile; fileRef = 50F25C032BDE4FDB0023CD86 /* libutf8_range.a */; };
		50F25C672BDE4FDC0023CD86 /* libabsl_strings.a in Frameworks */ = {isa = PBXBuildFile; fileRef = 50F25C042BDE4FDB0023CD86 /* libabsl_strings.a */; };
		50F25C682BDE4FDC0023CD86 /* libabsl_malloc_internal.a in Frameworks */ = {isa = PBXBuildFile; fileRef = 50F25C052BDE4FDB0023CD86 /* libabsl_malloc_internal.a */; };
		50F25C692BDE4FDC0023CD86 /* libprotobuf.a in Frameworks */ = {isa = PBXBuildFile; fileRef = 50F25C062BDE4FDB0023CD86 /* libprotobuf.a */; };
		50F25C6A2BDE4FDC0023CD86 /* libabsl_str_format_internal.a in Frameworks */ = {isa = PBXBuildFile; fileRef = 50F25C072BDE4FDB0023CD86 /* libabsl_str_format_internal.a */; };
		50F25C6B2BDE4FDC0023CD86 /* libprotoc.a in Frameworks */ = {isa = PBXBuildFile; fileRef = 50F25C082BDE4FDB0023CD86 /* libprotoc.a */; };
		50F25C6C2BDE4FDC0023CD86 /* libabsl_flags_usage.a in Frameworks */ = {isa = PBXBuildFile; fileRef = 50F25C092BDE4FDB0023CD86 /* libabsl_flags_usage.a */; };
		50F25C6D2BDE4FDC0023CD86 /* libprotobuf-lite.a in Frameworks */ = {isa = PBXBuildFile; fileRef = 50F25C0A2BDE4FDB0023CD86 /* libprotobuf-lite.a */; };
		50F25C6E2BDE4FDC0023CD86 /* libabsl_strings_internal.a in Frameworks */ = {isa = PBXBuildFile; fileRef = 50F25C0B2BDE4FDB0023CD86 /* libabsl_strings_internal.a */; };
		50F25C6F2BDE4FDC0023CD86 /* libabsl_flags_program_name.a in Frameworks */ = {isa = PBXBuildFile; fileRef = 50F25C0C2BDE4FDB0023CD86 /* libabsl_flags_program_name.a */; };
		50F25C702BDE4FDC0023CD86 /* libabsl_int128.a in Frameworks */ = {isa = PBXBuildFile; fileRef = 50F25C0D2BDE4FDB0023CD86 /* libabsl_int128.a */; };
		50F25C712BDE4FDC0023CD86 /* libabsl_crc_cord_state.a in Frameworks */ = {isa = PBXBuildFile; fileRef = 50F25C0E2BDE4FDB0023CD86 /* libabsl_crc_cord_state.a */; };
		50F25C722BDE4FDC0023CD86 /* libabsl_scoped_set_env.a in Frameworks */ = {isa = PBXBuildFile; fileRef = 50F25C0F2BDE4FDB0023CD86 /* libabsl_scoped_set_env.a */; };
		50F25C732BDE4FDC0023CD86 /* libabsl_raw_hash_set.a in Frameworks */ = {isa = PBXBuildFile; fileRef = 50F25C102BDE4FDB0023CD86 /* libabsl_raw_hash_set.a */; };
		50F25C742BDE4FDC0023CD86 /* libabsl_crc32c.a in Frameworks */ = {isa = PBXBuildFile; fileRef = 50F25C112BDE4FDB0023CD86 /* libabsl_crc32c.a */; };
		50F25C752BDE4FDC0023CD86 /* libabsl_random_internal_seed_material.a in Frameworks */ = {isa = PBXBuildFile; fileRef = 50F25C122BDE4FDB0023CD86 /* libabsl_random_internal_seed_material.a */; };
		50F25C762BDE4FDC0023CD86 /* libabsl_symbolize.a in Frameworks */ = {isa = PBXBuildFile; fileRef = 50F25C132BDE4FDB0023CD86 /* libabsl_symbolize.a */; };
		50F25C772BDE4FDC0023CD86 /* libabsl_crc_internal.a in Frameworks */ = {isa = PBXBuildFile; fileRef = 50F25C142BDE4FDB0023CD86 /* libabsl_crc_internal.a */; };
		50F25C782BDE4FDC0023CD86 /* libabsl_random_internal_randen_slow.a in Frameworks */ = {isa = PBXBuildFile; fileRef = 50F25C152BDE4FDB0023CD86 /* libabsl_random_internal_randen_slow.a */; };
		50F25C792BDE4FDC0023CD86 /* libabsl_graphcycles_internal.a in Frameworks */ = {isa = PBXBuildFile; fileRef = 50F25C162BDE4FDB0023CD86 /* libabsl_graphcycles_internal.a */; };
		50F25C7A2BDE4FDC0023CD86 /* libabsl_exponential_biased.a in Frameworks */ = {isa = PBXBuildFile; fileRef = 50F25C172BDE4FDB0023CD86 /* libabsl_exponential_biased.a */; };
		50F25C7B2BDE4FDC0023CD86 /* libabsl_random_internal_randen_hwaes_impl.a in Frameworks */ = {isa = PBXBuildFile; fileRef = 50F25C182BDE4FDB0023CD86 /* libabsl_random_internal_randen_hwaes_impl.a */; };
		50F25C7C2BDE4FDC0023CD86 /* libabsl_crc_cpu_detect.a in Frameworks */ = {isa = PBXBuildFile; fileRef = 50F25C192BDE4FDB0023CD86 /* libabsl_crc_cpu_detect.a */; };
		50F25C7D2BDE4FDC0023CD86 /* libabsl_bad_variant_access.a in Frameworks */ = {isa = PBXBuildFile; fileRef = 50F25C1A2BDE4FDB0023CD86 /* libabsl_bad_variant_access.a */; };
		50F25C7E2BDE4FDC0023CD86 /* libabsl_statusor.a in Frameworks */ = {isa = PBXBuildFile; fileRef = 50F25C1B2BDE4FDB0023CD86 /* libabsl_statusor.a */; };
		50F25C7F2BDE4FDC0023CD86 /* libabsl_log_internal_globals.a in Frameworks */ = {isa = PBXBuildFile; fileRef = 50F25C1C2BDE4FDB0023CD86 /* libabsl_log_internal_globals.a */; };
		50F25C802BDE4FDC0023CD86 /* libabsl_log_sink.a in Frameworks */ = {isa = PBXBuildFile; fileRef = 50F25C1D2BDE4FDB0023CD86 /* libabsl_log_sink.a */; };
		50F25C812BDE4FDC0023CD86 /* libabsl_log_internal_check_op.a in Frameworks */ = {isa = PBXBuildFile; fileRef = 50F25C1E2BDE4FDB0023CD86 /* libabsl_log_internal_check_op.a */; };
		50F25C822BDE4FDC0023CD86 /* libabsl_stacktrace.a in Frameworks */ = {isa = PBXBuildFile; fileRef = 50F25C1F2BDE4FDB0023CD86 /* libabsl_stacktrace.a */; };
		50F25C832BDE4FDC0023CD86 /* libabsl_cordz_handle.a in Frameworks */ = {isa = PBXBuildFile; fileRef = 50F25C202BDE4FDB0023CD86 /* libabsl_cordz_handle.a */; };
		50F25C842BDE4FDC0023CD86 /* libabsl_log_internal_message.a in Frameworks */ = {isa = PBXBuildFile; fileRef = 50F25C212BDE4FDB0023CD86 /* libabsl_log_internal_message.a */; };
		50F25C852BDE4FDC0023CD86 /* libabsl_log_initialize.a in Frameworks */ = {isa = PBXBuildFile; fileRef = 50F25C222BDE4FDB0023CD86 /* libabsl_log_initialize.a */; };
		50F25C862BDE4FDC0023CD86 /* libabsl_random_internal_randen_hwaes.a in Frameworks */ = {isa = PBXBuildFile; fileRef = 50F25C232BDE4FDB0023CD86 /* libabsl_random_internal_randen_hwaes.a */; };
		50F25C872BDE4FDC0023CD86 /* libabsl_flags_parse.a in Frameworks */ = {isa = PBXBuildFile; fileRef = 50F25C242BDE4FDB0023CD86 /* libabsl_flags_parse.a */; };
		50F25C882BDE4FDC0023CD86 /* libabsl_log_globals.a in Frameworks */ = {isa = PBXBuildFile; fileRef = 50F25C252BDE4FDB0023CD86 /* libabsl_log_globals.a */; };
		50F25C892BDE4FDC0023CD86 /* libabsl_log_internal_proto.a in Frameworks */ = {isa = PBXBuildFile; fileRef = 50F25C262BDE4FDB0023CD86 /* libabsl_log_internal_proto.a */; };
		50F25C8A2BDE4FDC0023CD86 /* libabsl_random_internal_randen.a in Frameworks */ = {isa = PBXBuildFile; fileRef = 50F25C272BDE4FDB0023CD86 /* libabsl_random_internal_randen.a */; };
		50F25C8B2BDE4FDC0023CD86 /* libabsl_random_internal_distribution_test_util.a in Frameworks */ = {isa = PBXBuildFile; fileRef = 50F25C282BDE4FDB0023CD86 /* libabsl_random_internal_distribution_test_util.a */; };
		50F25C8C2BDE4FDC0023CD86 /* libabsl_time.a in Frameworks */ = {isa = PBXBuildFile; fileRef = 50F25C292BDE4FDB0023CD86 /* libabsl_time.a */; };
		50F25C8D2BDE4FDC0023CD86 /* libabsl_flags_config.a in Frameworks */ = {isa = PBXBuildFile; fileRef = 50F25C2A2BDE4FDB0023CD86 /* libabsl_flags_config.a */; };
		50F25C8E2BDE4FDC0023CD86 /* libabsl_synchronization.a in Frameworks */ = {isa = PBXBuildFile; fileRef = 50F25C2B2BDE4FDB0023CD86 /* libabsl_synchronization.a */; };
		50F25C8F2BDE4FDC0023CD86 /* libabsl_flags_commandlineflag_internal.a in Frameworks */ = {isa = PBXBuildFile; fileRef = 50F25C2C2BDE4FDB0023CD86 /* libabsl_flags_commandlineflag_internal.a */; };
		50F25C902BDE4FDC0023CD86 /* libabsl_hashtablez_sampler.a in Frameworks */ = {isa = PBXBuildFile; fileRef = 50F25C2D2BDE4FDB0023CD86 /* libabsl_hashtablez_sampler.a */; };
		50F25C912BDE4FDC0023CD86 /* libabsl_demangle_internal.a in Frameworks */ = {isa = PBXBuildFile; fileRef = 50F25C2E2BDE4FDB0023CD86 /* libabsl_demangle_internal.a */; };
		50F25C922BDE4FDC0023CD86 /* libabsl_leak_check.a in Frameworks */ = {isa = PBXBuildFile; fileRef = 50F25C2F2BDE4FDB0023CD86 /* libabsl_leak_check.a */; };
		50F25C932BDE4FDC0023CD86 /* libabsl_flags_marshalling.a in Frameworks */ = {isa = PBXBuildFile; fileRef = 50F25C302BDE4FDB0023CD86 /* libabsl_flags_marshalling.a */; };
		50F25C942BDE4FDC0023CD86 /* libutf8_validity.a in Frameworks */ = {isa = PBXBuildFile; fileRef = 50F25C312BDE4FDB0023CD86 /* libutf8_validity.a */; };
		50F25C952BDE4FDC0023CD86 /* libabsl_strerror.a in Frameworks */ = {isa = PBXBuildFile; fileRef = 50F25C322BDE4FDB0023CD86 /* libabsl_strerror.a */; };
		50F25C962BDE4FDC0023CD86 /* libabsl_log_entry.a in Frameworks */ = {isa = PBXBuildFile; fileRef = 50F25C332BDE4FDB0023CD86 /* libabsl_log_entry.a */; };
		50F25C972BDE4FDC0023CD86 /* libabsl_flags_reflection.a in Frameworks */ = {isa = PBXBuildFile; fileRef = 50F25C342BDE4FDB0023CD86 /* libabsl_flags_reflection.a */; };
		50F25C982BDE4FDC0023CD86 /* libsqlite3.a in Frameworks */ = {isa = PBXBuildFile; fileRef = 50F25C352BDE4FDB0023CD86 /* libsqlite3.a */; };
		50F25C992BDE4FDC0023CD86 /* libabsl_cordz_functions.a in Frameworks */ = {isa = PBXBuildFile; fileRef = 50F25C362BDE4FDB0023CD86 /* libabsl_cordz_functions.a */; };
		50F25C9A2BDE4FDC0023CD86 /* libabsl_examine_stack.a in Frameworks */ = {isa = PBXBuildFile; fileRef = 50F25C372BDE4FDB0023CD86 /* libabsl_examine_stack.a */; };
		50F25C9B2BDE4FDC0023CD86 /* libabsl_flags_internal.a in Frameworks */ = {isa = PBXBuildFile; fileRef = 50F25C382BDE4FDB0023CD86 /* libabsl_flags_internal.a */; };
		50F25C9C2BDE4FDC0023CD86 /* libabsl_low_level_hash.a in Frameworks */ = {isa = PBXBuildFile; fileRef = 50F25C392BDE4FDB0023CD86 /* libabsl_low_level_hash.a */; };
		50F25C9D2BDE4FDC0023CD86 /* libabsl_random_seed_gen_exception.a in Frameworks */ = {isa = PBXBuildFile; fileRef = 50F25C3A2BDE4FDB0023CD86 /* libabsl_random_seed_gen_exception.a */; };
		50F25C9E2BDE4FDC0023CD86 /* libabsl_vlog_config_internal.a in Frameworks */ = {isa = PBXBuildFile; fileRef = 50F25C3B2BDE4FDB0023CD86 /* libabsl_vlog_config_internal.a */; };
		50F25C9F2BDE4FDC0023CD86 /* libabsl_log_flags.a in Frameworks */ = {isa = PBXBuildFile; fileRef = 50F25C3C2BDE4FDB0023CD86 /* libabsl_log_flags.a */; };
		50F25CA02BDE4FDC0023CD86 /* libabsl_cordz_sample_token.a in Frameworks */ = {isa = PBXBuildFile; fileRef = 50F25C3D2BDE4FDB0023CD86 /* libabsl_cordz_sample_token.a */; };
		50F25CA12BDE4FDC0023CD86 /* libabsl_civil_time.a in Frameworks */ = {isa = PBXBuildFile; fileRef = 50F25C3E2BDE4FDB0023CD86 /* libabsl_civil_time.a */; };
		50F25CA22BDE4FDC0023CD86 /* LEIGODIMLoginManager.mm in Sources */ = {isa = PBXBuildFile; fileRef = 50F25C3F2BDE4FDB0023CD86 /* LEIGODIMLoginManager.mm */; };
		9B563AC22BD9E63C001E29EA /* AppDelegate.m in Sources */ = {isa = PBXBuildFile; fileRef = 9B563AC12BD9E63C001E29EA /* AppDelegate.m */; };
		9B563AC52BD9E63C001E29EA /* SceneDelegate.m in Sources */ = {isa = PBXBuildFile; fileRef = 9B563AC42BD9E63C001E29EA /* SceneDelegate.m */; };
		9B563AC82BD9E63C001E29EA /* ViewController.m in Sources */ = {isa = PBXBuildFile; fileRef = 9B563AC72BD9E63C001E29EA /* ViewController.m */; };
		9B563ACB2BD9E63C001E29EA /* Base in Resources */ = {isa = PBXBuildFile; fileRef = 9B563ACA2BD9E63C001E29EA /* Base */; };
		9B563ACD2BD9E63D001E29EA /* Assets.xcassets in Resources */ = {isa = PBXBuildFile; fileRef = 9B563ACC2BD9E63D001E29EA /* Assets.xcassets */; };
		9B563AD02BD9E63D001E29EA /* Base in Resources */ = {isa = PBXBuildFile; fileRef = 9B563ACF2BD9E63D001E29EA /* Base */; };
		9B563AD32BD9E63D001E29EA /* main.m in Sources */ = {isa = PBXBuildFile; fileRef = 9B563AD22BD9E63D001E29EA /* main.m */; };
/* End PBXBuildFile section */

/* Begin PBXContainerItemProxy section */
		50F25BD12BDE4F480023CD86 /* PBXContainerItemProxy */ = {
			isa = PBXContainerItemProxy;
			containerPortal = 9B563AB52BD9E63C001E29EA /* Project object */;
			proxyType = 1;
			remoteGlobalIDString = 50F25BBD2BDE4F480023CD86;
			remoteInfo = sdk_lib;
		};
/* End PBXContainerItemProxy section */

/* Begin PBXCopyFilesBuildPhase section */
		50F25BD82BDE4F480023CD86 /* Embed Frameworks */ = {
			isa = PBXCopyFilesBuildPhase;
			buildActionMask = 2147483647;
			dstPath = "";
			dstSubfolderSpec = 10;
			files = (
				50F25BD42BDE4F480023CD86 /* sdk_lib.framework in Embed Frameworks */,
			);
			name = "Embed Frameworks";
			runOnlyForDeploymentPostprocessing = 0;
		};
/* End PBXCopyFilesBuildPhase section */

/* Begin PBXFileReference section */
		50F25BBE2BDE4F480023CD86 /* sdk_lib.framework */ = {isa = PBXFileReference; explicitFileType = wrapper.framework; includeInIndex = 0; path = sdk_lib.framework; sourceTree = BUILT_PRODUCTS_DIR; };
		50F25BC02BDE4F480023CD86 /* sdk_lib.h */ = {isa = PBXFileReference; lastKnownFileType = sourcecode.c.h; path = sdk_lib.h; sourceTree = "<group>"; };
		50F25BC12BDE4F480023CD86 /* sdk_lib.docc */ = {isa = PBXFileReference; lastKnownFileType = folder.documentationcatalog; path = sdk_lib.docc; sourceTree = "<group>"; };
		50F25BDC2BDE4FDA0023CD86 /* LEIGODIMCommonDelegate.h */ = {isa = PBXFileReference; fileEncoding = 4; lastKnownFileType = sourcecode.c.h; path = LEIGODIMCommonDelegate.h; sourceTree = "<group>"; };
		50F25BDD2BDE4FDA0023CD86 /* LEIGODIMCommonManager.h */ = {isa = PBXFileReference; fileEncoding = 4; lastKnownFileType = sourcecode.c.h; path = LEIGODIMCommonManager.h; sourceTree = "<group>"; };
		50F25BDE2BDE4FDA0023CD86 /* leigod-im-cross-sdk.h */ = {isa = PBXFileReference; fileEncoding = 4; lastKnownFileType = sourcecode.c.h; path = "leigod-im-cross-sdk.h"; sourceTree = "<group>"; };
		50F25BDF2BDE4FDA0023CD86 /* LEIGODIMLoginManager.h */ = {isa = PBXFileReference; fileEncoding = 4; lastKnownFileType = sourcecode.c.h; path = LEIGODIMLoginManager.h; sourceTree = "<group>"; };
		50F25BE02BDE4FDA0023CD86 /* LEIGODIMCommonManager.mm */ = {isa = PBXFileReference; fileEncoding = 4; lastKnownFileType = sourcecode.cpp.objcpp; path = LEIGODIMCommonManager.mm; sourceTree = "<group>"; };
		50F25BE22BDE4FDB0023CD86 /* libabsl_die_if_null.a */ = {isa = PBXFileReference; lastKnownFileType = archive.ar; path = libabsl_die_if_null.a; sourceTree = "<group>"; };
		50F25BE32BDE4FDB0023CD86 /* libabsl_log_internal_conditions.a */ = {isa = PBXFileReference; lastKnownFileType = archive.ar; path = libabsl_log_internal_conditions.a; sourceTree = "<group>"; };
		50F25BE42BDE4FDB0023CD86 /* libabsl_city.a */ = {isa = PBXFileReference; lastKnownFileType = archive.ar; path = libabsl_city.a; sourceTree = "<group>"; };
		50F25BE52BDE4FDB0023CD86 /* libabsl_time_zone.a */ = {isa = PBXFileReference; lastKnownFileType = archive.ar; path = libabsl_time_zone.a; sourceTree = "<group>"; };
		50F25BE62BDE4FDB0023CD86 /* libabsl_kernel_timeout_internal.a */ = {isa = PBXFileReference; lastKnownFileType = archive.ar; path = libabsl_kernel_timeout_internal.a; sourceTree = "<group>"; };
		50F25BE72BDE4FDB0023CD86 /* libabsl_spinlock_wait.a */ = {isa = PBXFileReference; lastKnownFileType = archive.ar; path = libabsl_spinlock_wait.a; sourceTree = "<group>"; };
		50F25BE82BDE4FDB0023CD86 /* libabsl_cord.a */ = {isa = PBXFileReference; lastKnownFileType = archive.ar; path = libabsl_cord.a; sourceTree = "<group>"; };
		50F25BE92BDE4FDB0023CD86 /* libabsl_status.a */ = {isa = PBXFileReference; lastKnownFileType = archive.ar; path = libabsl_status.a; sourceTree = "<group>"; };
		50F25BEA2BDE4FDB0023CD86 /* libabsl_log_severity.a */ = {isa = PBXFileReference; lastKnownFileType = archive.ar; path = libabsl_log_severity.a; sourceTree = "<group>"; };
		50F25BEB2BDE4FDB0023CD86 /* libabsl_failure_signal_handler.a */ = {isa = PBXFileReference; lastKnownFileType = archive.ar; path = libabsl_failure_signal_handler.a; sourceTree = "<group>"; };
		50F25BEC2BDE4FDB0023CD86 /* libabsl_log_internal_nullguard.a */ = {isa = PBXFileReference; lastKnownFileType = archive.ar; path = libabsl_log_internal_nullguard.a; sourceTree = "<group>"; };
		50F25BED2BDE4FDB0023CD86 /* libabsl_log_internal_log_sink_set.a */ = {isa = PBXFileReference; lastKnownFileType = archive.ar; path = libabsl_log_internal_log_sink_set.a; sourceTree = "<group>"; };
		50F25BEE2BDE4FDB0023CD86 /* libabsl_bad_optional_access.a */ = {isa = PBXFileReference; lastKnownFileType = archive.ar; path = libabsl_bad_optional_access.a; sourceTree = "<group>"; };
		50F25BEF2BDE4FDB0023CD86 /* libabsl_hash.a */ = {isa = PBXFileReference; lastKnownFileType = archive.ar; path = libabsl_hash.a; sourceTree = "<group>"; };
		50F25BF02BDE4FDB0023CD86 /* libabsl_flags_commandlineflag.a */ = {isa = PBXFileReference; lastKnownFileType = archive.ar; path = libabsl_flags_commandlineflag.a; sourceTree = "<group>"; };
		50F25BF12BDE4FDB0023CD86 /* libabsl_raw_logging_internal.a */ = {isa = PBXFileReference; lastKnownFileType = archive.ar; path = libabsl_raw_logging_internal.a; sourceTree = "<group>"; };
		50F25BF22BDE4FDB0023CD86 /* libabsl_log_internal_format.a */ = {isa = PBXFileReference; lastKnownFileType = archive.ar; path = libabsl_log_internal_format.a; sourceTree = "<group>"; };
		50F25BF32BDE4FDB0023CD86 /* libabsl_string_view.a */ = {isa = PBXFileReference; lastKnownFileType = archive.ar; path = libabsl_string_view.a; sourceTree = "<group>"; };
		50F25BF42BDE4FDB0023CD86 /* libabsl_random_internal_pool_urbg.a */ = {isa = PBXFileReference; lastKnownFileType = archive.ar; path = libabsl_random_internal_pool_urbg.a; sourceTree = "<group>"; };
		50F25BF52BDE4FDB0023CD86 /* libabsl_cord_internal.a */ = {isa = PBXFileReference; lastKnownFileType = archive.ar; path = libabsl_cord_internal.a; sourceTree = "<group>"; };
		50F25BF62BDE4FDB0023CD86 /* libabsl_base.a */ = {isa = PBXFileReference; lastKnownFileType = archive.ar; path = libabsl_base.a; sourceTree = "<group>"; };
		50F25BF72BDE4FDB0023CD86 /* libabsl_cordz_info.a */ = {isa = PBXFileReference; lastKnownFileType = archive.ar; path = libabsl_cordz_info.a; sourceTree = "<group>"; };
		50F25BF82BDE4FDB0023CD86 /* libabsl_bad_any_cast_impl.a */ = {isa = PBXFileReference; lastKnownFileType = archive.ar; path = libabsl_bad_any_cast_impl.a; sourceTree = "<group>"; };
		50F25BF92BDE4FDB0023CD86 /* libabsl_periodic_sampler.a */ = {isa = PBXFileReference; lastKnownFileType = archive.ar; path = libabsl_periodic_sampler.a; sourceTree = "<group>"; };
		50F25BFA2BDE4FDB0023CD86 /* libabsl_random_distributions.a */ = {isa = PBXFileReference; lastKnownFileType = archive.ar; path = libabsl_random_distributions.a; sourceTree = "<group>"; };
		50F25BFB2BDE4FDB0023CD86 /* libabsl_flags_usage_internal.a */ = {isa = PBXFileReference; lastKnownFileType = archive.ar; path = libabsl_flags_usage_internal.a; sourceTree = "<group>"; };
		50F25BFC2BDE4FDB0023CD86 /* libabsl_random_seed_sequences.a */ = {isa = PBXFileReference; lastKnownFileType = archive.ar; path = libabsl_random_seed_sequences.a; sourceTree = "<group>"; };
		50F25BFD2BDE4FDB0023CD86 /* libabsl_random_internal_platform.a */ = {isa = PBXFileReference; lastKnownFileType = archive.ar; path = libabsl_random_internal_platform.a; sourceTree = "<group>"; };
		50F25BFE2BDE4FDB0023CD86 /* libabsl_throw_delegate.a */ = {isa = PBXFileReference; lastKnownFileType = archive.ar; path = libabsl_throw_delegate.a; sourceTree = "<group>"; };
		50F25BFF2BDE4FDB0023CD86 /* libabsl_debugging_internal.a */ = {isa = PBXFileReference; lastKnownFileType = archive.ar; path = libabsl_debugging_internal.a; sourceTree = "<group>"; };
		50F25C002BDE4FDB0023CD86 /* libleigod-im-cross-sdk.a */ = {isa = PBXFileReference; lastKnownFileType = archive.ar; path = "libleigod-im-cross-sdk.a"; sourceTree = "<group>"; };
		50F25C012BDE4FDB0023CD86 /* libabsl_log_internal_fnmatch.a */ = {isa = PBXFileReference; lastKnownFileType = archive.ar; path = libabsl_log_internal_fnmatch.a; sourceTree = "<group>"; };
		50F25C022BDE4FDB0023CD86 /* libabsl_flags_private_handle_accessor.a */ = {isa = PBXFileReference; lastKnownFileType = archive.ar; path = libabsl_flags_private_handle_accessor.a; sourceTree = "<group>"; };
		50F25C032BDE4FDB0023CD86 /* libutf8_range.a */ = {isa = PBXFileReference; lastKnownFileType = archive.ar; path = libutf8_range.a; sourceTree = "<group>"; };
		50F25C042BDE4FDB0023CD86 /* libabsl_strings.a */ = {isa = PBXFileReference; lastKnownFileType = archive.ar; path = libabsl_strings.a; sourceTree = "<group>"; };
		50F25C052BDE4FDB0023CD86 /* libabsl_malloc_internal.a */ = {isa = PBXFileReference; lastKnownFileType = archive.ar; path = libabsl_malloc_internal.a; sourceTree = "<group>"; };
		50F25C062BDE4FDB0023CD86 /* libprotobuf.a */ = {isa = PBXFileReference; lastKnownFileType = archive.ar; path = libprotobuf.a; sourceTree = "<group>"; };
		50F25C072BDE4FDB0023CD86 /* libabsl_str_format_internal.a */ = {isa = PBXFileReference; lastKnownFileType = archive.ar; path = libabsl_str_format_internal.a; sourceTree = "<group>"; };
		50F25C082BDE4FDB0023CD86 /* libprotoc.a */ = {isa = PBXFileReference; lastKnownFileType = archive.ar; path = libprotoc.a; sourceTree = "<group>"; };
		50F25C092BDE4FDB0023CD86 /* libabsl_flags_usage.a */ = {isa = PBXFileReference; lastKnownFileType = archive.ar; path = libabsl_flags_usage.a; sourceTree = "<group>"; };
		50F25C0A2BDE4FDB0023CD86 /* libprotobuf-lite.a */ = {isa = PBXFileReference; lastKnownFileType = archive.ar; path = "libprotobuf-lite.a"; sourceTree = "<group>"; };
		50F25C0B2BDE4FDB0023CD86 /* libabsl_strings_internal.a */ = {isa = PBXFileReference; lastKnownFileType = archive.ar; path = libabsl_strings_internal.a; sourceTree = "<group>"; };
		50F25C0C2BDE4FDB0023CD86 /* libabsl_flags_program_name.a */ = {isa = PBXFileReference; lastKnownFileType = archive.ar; path = libabsl_flags_program_name.a; sourceTree = "<group>"; };
		50F25C0D2BDE4FDB0023CD86 /* libabsl_int128.a */ = {isa = PBXFileReference; lastKnownFileType = archive.ar; path = libabsl_int128.a; sourceTree = "<group>"; };
		50F25C0E2BDE4FDB0023CD86 /* libabsl_crc_cord_state.a */ = {isa = PBXFileReference; lastKnownFileType = archive.ar; path = libabsl_crc_cord_state.a; sourceTree = "<group>"; };
		50F25C0F2BDE4FDB0023CD86 /* libabsl_scoped_set_env.a */ = {isa = PBXFileReference; lastKnownFileType = archive.ar; path = libabsl_scoped_set_env.a; sourceTree = "<group>"; };
		50F25C102BDE4FDB0023CD86 /* libabsl_raw_hash_set.a */ = {isa = PBXFileReference; lastKnownFileType = archive.ar; path = libabsl_raw_hash_set.a; sourceTree = "<group>"; };
		50F25C112BDE4FDB0023CD86 /* libabsl_crc32c.a */ = {isa = PBXFileReference; lastKnownFileType = archive.ar; path = libabsl_crc32c.a; sourceTree = "<group>"; };
		50F25C122BDE4FDB0023CD86 /* libabsl_random_internal_seed_material.a */ = {isa = PBXFileReference; lastKnownFileType = archive.ar; path = libabsl_random_internal_seed_material.a; sourceTree = "<group>"; };
		50F25C132BDE4FDB0023CD86 /* libabsl_symbolize.a */ = {isa = PBXFileReference; lastKnownFileType = archive.ar; path = libabsl_symbolize.a; sourceTree = "<group>"; };
		50F25C142BDE4FDB0023CD86 /* libabsl_crc_internal.a */ = {isa = PBXFileReference; lastKnownFileType = archive.ar; path = libabsl_crc_internal.a; sourceTree = "<group>"; };
		50F25C152BDE4FDB0023CD86 /* libabsl_random_internal_randen_slow.a */ = {isa = PBXFileReference; lastKnownFileType = archive.ar; path = libabsl_random_internal_randen_slow.a; sourceTree = "<group>"; };
		50F25C162BDE4FDB0023CD86 /* libabsl_graphcycles_internal.a */ = {isa = PBXFileReference; lastKnownFileType = archive.ar; path = libabsl_graphcycles_internal.a; sourceTree = "<group>"; };
		50F25C172BDE4FDB0023CD86 /* libabsl_exponential_biased.a */ = {isa = PBXFileReference; lastKnownFileType = archive.ar; path = libabsl_exponential_biased.a; sourceTree = "<group>"; };
		50F25C182BDE4FDB0023CD86 /* libabsl_random_internal_randen_hwaes_impl.a */ = {isa = PBXFileReference; lastKnownFileType = archive.ar; path = libabsl_random_internal_randen_hwaes_impl.a; sourceTree = "<group>"; };
		50F25C192BDE4FDB0023CD86 /* libabsl_crc_cpu_detect.a */ = {isa = PBXFileReference; lastKnownFileType = archive.ar; path = libabsl_crc_cpu_detect.a; sourceTree = "<group>"; };
		50F25C1A2BDE4FDB0023CD86 /* libabsl_bad_variant_access.a */ = {isa = PBXFileReference; lastKnownFileType = archive.ar; path = libabsl_bad_variant_access.a; sourceTree = "<group>"; };
		50F25C1B2BDE4FDB0023CD86 /* libabsl_statusor.a */ = {isa = PBXFileReference; lastKnownFileType = archive.ar; path = libabsl_statusor.a; sourceTree = "<group>"; };
		50F25C1C2BDE4FDB0023CD86 /* libabsl_log_internal_globals.a */ = {isa = PBXFileReference; lastKnownFileType = archive.ar; path = libabsl_log_internal_globals.a; sourceTree = "<group>"; };
		50F25C1D2BDE4FDB0023CD86 /* libabsl_log_sink.a */ = {isa = PBXFileReference; lastKnownFileType = archive.ar; path = libabsl_log_sink.a; sourceTree = "<group>"; };
		50F25C1E2BDE4FDB0023CD86 /* libabsl_log_internal_check_op.a */ = {isa = PBXFileReference; lastKnownFileType = archive.ar; path = libabsl_log_internal_check_op.a; sourceTree = "<group>"; };
		50F25C1F2BDE4FDB0023CD86 /* libabsl_stacktrace.a */ = {isa = PBXFileReference; lastKnownFileType = archive.ar; path = libabsl_stacktrace.a; sourceTree = "<group>"; };
		50F25C202BDE4FDB0023CD86 /* libabsl_cordz_handle.a */ = {isa = PBXFileReference; lastKnownFileType = archive.ar; path = libabsl_cordz_handle.a; sourceTree = "<group>"; };
		50F25C212BDE4FDB0023CD86 /* libabsl_log_internal_message.a */ = {isa = PBXFileReference; lastKnownFileType = archive.ar; path = libabsl_log_internal_message.a; sourceTree = "<group>"; };
		50F25C222BDE4FDB0023CD86 /* libabsl_log_initialize.a */ = {isa = PBXFileReference; lastKnownFileType = archive.ar; path = libabsl_log_initialize.a; sourceTree = "<group>"; };
		50F25C232BDE4FDB0023CD86 /* libabsl_random_internal_randen_hwaes.a */ = {isa = PBXFileReference; lastKnownFileType = archive.ar; path = libabsl_random_internal_randen_hwaes.a; sourceTree = "<group>"; };
		50F25C242BDE4FDB0023CD86 /* libabsl_flags_parse.a */ = {isa = PBXFileReference; lastKnownFileType = archive.ar; path = libabsl_flags_parse.a; sourceTree = "<group>"; };
		50F25C252BDE4FDB0023CD86 /* libabsl_log_globals.a */ = {isa = PBXFileReference; lastKnownFileType = archive.ar; path = libabsl_log_globals.a; sourceTree = "<group>"; };
		50F25C262BDE4FDB0023CD86 /* libabsl_log_internal_proto.a */ = {isa = PBXFileReference; lastKnownFileType = archive.ar; path = libabsl_log_internal_proto.a; sourceTree = "<group>"; };
		50F25C272BDE4FDB0023CD86 /* libabsl_random_internal_randen.a */ = {isa = PBXFileReference; lastKnownFileType = archive.ar; path = libabsl_random_internal_randen.a; sourceTree = "<group>"; };
		50F25C282BDE4FDB0023CD86 /* libabsl_random_internal_distribution_test_util.a */ = {isa = PBXFileReference; lastKnownFileType = archive.ar; path = libabsl_random_internal_distribution_test_util.a; sourceTree = "<group>"; };
		50F25C292BDE4FDB0023CD86 /* libabsl_time.a */ = {isa = PBXFileReference; lastKnownFileType = archive.ar; path = libabsl_time.a; sourceTree = "<group>"; };
		50F25C2A2BDE4FDB0023CD86 /* libabsl_flags_config.a */ = {isa = PBXFileReference; lastKnownFileType = archive.ar; path = libabsl_flags_config.a; sourceTree = "<group>"; };
		50F25C2B2BDE4FDB0023CD86 /* libabsl_synchronization.a */ = {isa = PBXFileReference; lastKnownFileType = archive.ar; path = libabsl_synchronization.a; sourceTree = "<group>"; };
		50F25C2C2BDE4FDB0023CD86 /* libabsl_flags_commandlineflag_internal.a */ = {isa = PBXFileReference; lastKnownFileType = archive.ar; path = libabsl_flags_commandlineflag_internal.a; sourceTree = "<group>"; };
		50F25C2D2BDE4FDB0023CD86 /* libabsl_hashtablez_sampler.a */ = {isa = PBXFileReference; lastKnownFileType = archive.ar; path = libabsl_hashtablez_sampler.a; sourceTree = "<group>"; };
		50F25C2E2BDE4FDB0023CD86 /* libabsl_demangle_internal.a */ = {isa = PBXFileReference; lastKnownFileType = archive.ar; path = libabsl_demangle_internal.a; sourceTree = "<group>"; };
		50F25C2F2BDE4FDB0023CD86 /* libabsl_leak_check.a */ = {isa = PBXFileReference; lastKnownFileType = archive.ar; path = libabsl_leak_check.a; sourceTree = "<group>"; };
		50F25C302BDE4FDB0023CD86 /* libabsl_flags_marshalling.a */ = {isa = PBXFileReference; lastKnownFileType = archive.ar; path = libabsl_flags_marshalling.a; sourceTree = "<group>"; };
		50F25C312BDE4FDB0023CD86 /* libutf8_validity.a */ = {isa = PBXFileReference; lastKnownFileType = archive.ar; path = libutf8_validity.a; sourceTree = "<group>"; };
		50F25C322BDE4FDB0023CD86 /* libabsl_strerror.a */ = {isa = PBXFileReference; lastKnownFileType = archive.ar; path = libabsl_strerror.a; sourceTree = "<group>"; };
		50F25C332BDE4FDB0023CD86 /* libabsl_log_entry.a */ = {isa = PBXFileReference; lastKnownFileType = archive.ar; path = libabsl_log_entry.a; sourceTree = "<group>"; };
		50F25C342BDE4FDB0023CD86 /* libabsl_flags_reflection.a */ = {isa = PBXFileReference; lastKnownFileType = archive.ar; path = libabsl_flags_reflection.a; sourceTree = "<group>"; };
		50F25C352BDE4FDB0023CD86 /* libsqlite3.a */ = {isa = PBXFileReference; lastKnownFileType = archive.ar; path = libsqlite3.a; sourceTree = "<group>"; };
		50F25C362BDE4FDB0023CD86 /* libabsl_cordz_functions.a */ = {isa = PBXFileReference; lastKnownFileType = archive.ar; path = libabsl_cordz_functions.a; sourceTree = "<group>"; };
		50F25C372BDE4FDB0023CD86 /* libabsl_examine_stack.a */ = {isa = PBXFileReference; lastKnownFileType = archive.ar; path = libabsl_examine_stack.a; sourceTree = "<group>"; };
		50F25C382BDE4FDB0023CD86 /* libabsl_flags_internal.a */ = {isa = PBXFileReference; lastKnownFileType = archive.ar; path = libabsl_flags_internal.a; sourceTree = "<group>"; };
		50F25C392BDE4FDB0023CD86 /* libabsl_low_level_hash.a */ = {isa = PBXFileReference; lastKnownFileType = archive.ar; path = libabsl_low_level_hash.a; sourceTree = "<group>"; };
		50F25C3A2BDE4FDB0023CD86 /* libabsl_random_seed_gen_exception.a */ = {isa = PBXFileReference; lastKnownFileType = archive.ar; path = libabsl_random_seed_gen_exception.a; sourceTree = "<group>"; };
		50F25C3B2BDE4FDB0023CD86 /* libabsl_vlog_config_internal.a */ = {isa = PBXFileReference; lastKnownFileType = archive.ar; path = libabsl_vlog_config_internal.a; sourceTree = "<group>"; };
		50F25C3C2BDE4FDB0023CD86 /* libabsl_log_flags.a */ = {isa = PBXFileReference; lastKnownFileType = archive.ar; path = libabsl_log_flags.a; sourceTree = "<group>"; };
		50F25C3D2BDE4FDB0023CD86 /* libabsl_cordz_sample_token.a */ = {isa = PBXFileReference; lastKnownFileType = archive.ar; path = libabsl_cordz_sample_token.a; sourceTree = "<group>"; };
		50F25C3E2BDE4FDB0023CD86 /* libabsl_civil_time.a */ = {isa = PBXFileReference; lastKnownFileType = archive.ar; path = libabsl_civil_time.a; sourceTree = "<group>"; };
		50F25C3F2BDE4FDB0023CD86 /* LEIGODIMLoginManager.mm */ = {isa = PBXFileReference; fileEncoding = 4; lastKnownFileType = sourcecode.cpp.objcpp; path = LEIGODIMLoginManager.mm; sourceTree = "<group>"; };
		9B563ABD2BD9E63C001E29EA /* imsdk_demo.app */ = {isa = PBXFileReference; explicitFileType = wrapper.application; includeInIndex = 0; path = imsdk_demo.app; sourceTree = BUILT_PRODUCTS_DIR; };
		9B563AC02BD9E63C001E29EA /* AppDelegate.h */ = {isa = PBXFileReference; lastKnownFileType = sourcecode.c.h; path = AppDelegate.h; sourceTree = "<group>"; };
		9B563AC12BD9E63C001E29EA /* AppDelegate.m */ = {isa = PBXFileReference; lastKnownFileType = sourcecode.c.objc; path = AppDelegate.m; sourceTree = "<group>"; };
		9B563AC32BD9E63C001E29EA /* SceneDelegate.h */ = {isa = PBXFileReference; lastKnownFileType = sourcecode.c.h; path = SceneDelegate.h; sourceTree = "<group>"; };
		9B563AC42BD9E63C001E29EA /* SceneDelegate.m */ = {isa = PBXFileReference; lastKnownFileType = sourcecode.c.objc; path = SceneDelegate.m; sourceTree = "<group>"; };
		9B563AC62BD9E63C001E29EA /* ViewController.h */ = {isa = PBXFileReference; lastKnownFileType = sourcecode.c.h; path = ViewController.h; sourceTree = "<group>"; };
		9B563AC72BD9E63C001E29EA /* ViewController.m */ = {isa = PBXFileReference; lastKnownFileType = sourcecode.c.objc; path = ViewController.m; sourceTree = "<group>"; };
		9B563ACA2BD9E63C001E29EA /* Base */ = {isa = PBXFileReference; lastKnownFileType = file.storyboard; name = Base; path = Base.lproj/Main.storyboard; sourceTree = "<group>"; };
		9B563ACC2BD9E63D001E29EA /* Assets.xcassets */ = {isa = PBXFileReference; lastKnownFileType = folder.assetcatalog; path = Assets.xcassets; sourceTree = "<group>"; };
		9B563ACF2BD9E63D001E29EA /* Base */ = {isa = PBXFileReference; lastKnownFileType = file.storyboard; name = Base; path = Base.lproj/LaunchScreen.storyboard; sourceTree = "<group>"; };
		9B563AD12BD9E63D001E29EA /* Info.plist */ = {isa = PBXFileReference; lastKnownFileType = text.plist.xml; path = Info.plist; sourceTree = "<group>"; };
		9B563AD22BD9E63D001E29EA /* main.m */ = {isa = PBXFileReference; lastKnownFileType = sourcecode.c.objc; path = main.m; sourceTree = "<group>"; };
/* End PBXFileReference section */

/* Begin PBXFrameworksBuildPhase section */
		50F25BBB2BDE4F480023CD86 /* Frameworks */ = {
			isa = PBXFrameworksBuildPhase;
			buildActionMask = 2147483647;
			files = (
				50F25C782BDE4FDC0023CD86 /* libabsl_random_internal_randen_slow.a in Frameworks */,
				50F25C592BDE4FDC0023CD86 /* libabsl_base.a in Frameworks */,
				50F25C9E2BDE4FDC0023CD86 /* libabsl_vlog_config_internal.a in Frameworks */,
				50F25C502BDE4FDC0023CD86 /* libabsl_log_internal_log_sink_set.a in Frameworks */,
				50F25C6F2BDE4FDC0023CD86 /* libabsl_flags_program_name.a in Frameworks */,
				50F25C942BDE4FDC0023CD86 /* libutf8_validity.a in Frameworks */,
				50F25C602BDE4FDC0023CD86 /* libabsl_random_internal_platform.a in Frameworks */,
				50F25C642BDE4FDC0023CD86 /* libabsl_log_internal_fnmatch.a in Frameworks */,
				50F25C7F2BDE4FDC0023CD86 /* libabsl_log_internal_globals.a in Frameworks */,
				50F25C7C2BDE4FDC0023CD86 /* libabsl_crc_cpu_detect.a in Frameworks */,
				50F25C692BDE4FDC0023CD86 /* libprotobuf.a in Frameworks */,
				50F25C952BDE4FDC0023CD86 /* libabsl_strerror.a in Frameworks */,
				50F25C5B2BDE4FDC0023CD86 /* libabsl_bad_any_cast_impl.a in Frameworks */,
				50F25C542BDE4FDC0023CD86 /* libabsl_raw_logging_internal.a in Frameworks */,
				50F25C8D2BDE4FDC0023CD86 /* libabsl_flags_config.a in Frameworks */,
				50F25C4E2BDE4FDC0023CD86 /* libabsl_failure_signal_handler.a in Frameworks */,
				50F25C982BDE4FDC0023CD86 /* libsqlite3.a in Frameworks */,
				50F25C6D2BDE4FDC0023CD86 /* libprotobuf-lite.a in Frameworks */,
				50F25C792BDE4FDC0023CD86 /* libabsl_graphcycles_internal.a in Frameworks */,
				50F25C652BDE4FDC0023CD86 /* libabsl_flags_private_handle_accessor.a in Frameworks */,
				50F25C902BDE4FDC0023CD86 /* libabsl_hashtablez_sampler.a in Frameworks */,
				50F25C9D2BDE4FDC0023CD86 /* libabsl_random_seed_gen_exception.a in Frameworks */,
				50F25C5A2BDE4FDC0023CD86 /* libabsl_cordz_info.a in Frameworks */,
				50F25C6E2BDE4FDC0023CD86 /* libabsl_strings_internal.a in Frameworks */,
				50F25C702BDE4FDC0023CD86 /* libabsl_int128.a in Frameworks */,
				50F25C4B2BDE4FDC0023CD86 /* libabsl_cord.a in Frameworks */,
				50F25C9A2BDE4FDC0023CD86 /* libabsl_examine_stack.a in Frameworks */,
				50F25C662BDE4FDC0023CD86 /* libutf8_range.a in Frameworks */,
				50F25C522BDE4FDC0023CD86 /* libabsl_hash.a in Frameworks */,
				50F25C882BDE4FDC0023CD86 /* libabsl_log_globals.a in Frameworks */,
				50F25C832BDE4FDC0023CD86 /* libabsl_cordz_handle.a in Frameworks */,
				50F25C612BDE4FDC0023CD86 /* libabsl_throw_delegate.a in Frameworks */,
				50F25C482BDE4FDC0023CD86 /* libabsl_time_zone.a in Frameworks */,
				50F25C7D2BDE4FDC0023CD86 /* libabsl_bad_variant_access.a in Frameworks */,
				50F25C9F2BDE4FDC0023CD86 /* libabsl_log_flags.a in Frameworks */,
				50F25C732BDE4FDC0023CD86 /* libabsl_raw_hash_set.a in Frameworks */,
				50F25C582BDE4FDC0023CD86 /* libabsl_cord_internal.a in Frameworks */,
				50F25C8C2BDE4FDC0023CD86 /* libabsl_time.a in Frameworks */,
				50F25CA02BDE4FDC0023CD86 /* libabsl_cordz_sample_token.a in Frameworks */,
				50F25C5E2BDE4FDC0023CD86 /* libabsl_flags_usage_internal.a in Frameworks */,
				50F25C762BDE4FDC0023CD86 /* libabsl_symbolize.a in Frameworks */,
				50F25C682BDE4FDC0023CD86 /* libabsl_malloc_internal.a in Frameworks */,
				50F25C862BDE4FDC0023CD86 /* libabsl_random_internal_randen_hwaes.a in Frameworks */,
				50F25C452BDE4FDC0023CD86 /* libabsl_die_if_null.a in Frameworks */,
				50F25C5C2BDE4FDC0023CD86 /* libabsl_periodic_sampler.a in Frameworks */,
				50F25C722BDE4FDC0023CD86 /* libabsl_scoped_set_env.a in Frameworks */,
				50F25C912BDE4FDC0023CD86 /* libabsl_demangle_internal.a in Frameworks */,
				50F25C9C2BDE4FDC0023CD86 /* libabsl_low_level_hash.a in Frameworks */,
				50F25C932BDE4FDC0023CD86 /* libabsl_flags_marshalling.a in Frameworks */,
				50F25C7A2BDE4FDC0023CD86 /* libabsl_exponential_biased.a in Frameworks */,
				50F25C4D2BDE4FDC0023CD86 /* libabsl_log_severity.a in Frameworks */,
				50F25C8F2BDE4FDC0023CD86 /* libabsl_flags_commandlineflag_internal.a in Frameworks */,
				50F25C512BDE4FDC0023CD86 /* libabsl_bad_optional_access.a in Frameworks */,
				50F25C802BDE4FDC0023CD86 /* libabsl_log_sink.a in Frameworks */,
				50F25C7B2BDE4FDC0023CD86 /* libabsl_random_internal_randen_hwaes_impl.a in Frameworks */,
				50F25C532BDE4FDC0023CD86 /* libabsl_flags_commandlineflag.a in Frameworks */,
				50F25C842BDE4FDC0023CD86 /* libabsl_log_internal_message.a in Frameworks */,
				50F25C7E2BDE4FDC0023CD86 /* libabsl_statusor.a in Frameworks */,
				50F25C4C2BDE4FDC0023CD86 /* libabsl_status.a in Frameworks */,
				50F25C8A2BDE4FDC0023CD86 /* libabsl_random_internal_randen.a in Frameworks */,
				50F25C472BDE4FDC0023CD86 /* libabsl_city.a in Frameworks */,
				50F25C772BDE4FDC0023CD86 /* libabsl_crc_internal.a in Frameworks */,
				50F25C8B2BDE4FDC0023CD86 /* libabsl_random_internal_distribution_test_util.a in Frameworks */,
				50F25C6B2BDE4FDC0023CD86 /* libprotoc.a in Frameworks */,
				50F25C672BDE4FDC0023CD86 /* libabsl_strings.a in Frameworks */,
				50F25C992BDE4FDC0023CD86 /* libabsl_cordz_functions.a in Frameworks */,
				50F25C852BDE4FDC0023CD86 /* libabsl_log_initialize.a in Frameworks */,
				50F25C752BDE4FDC0023CD86 /* libabsl_random_internal_seed_material.a in Frameworks */,
				50F25C712BDE4FDC0023CD86 /* libabsl_crc_cord_state.a in Frameworks */,
				50F25C892BDE4FDC0023CD86 /* libabsl_log_internal_proto.a in Frameworks */,
				50F25C5F2BDE4FDC0023CD86 /* libabsl_random_seed_sequences.a in Frameworks */,
				50F25C962BDE4FDC0023CD86 /* libabsl_log_entry.a in Frameworks */,
				50F25C972BDE4FDC0023CD86 /* libabsl_flags_reflection.a in Frameworks */,
				50F25C4A2BDE4FDC0023CD86 /* libabsl_spinlock_wait.a in Frameworks */,
				50F25C572BDE4FDC0023CD86 /* libabsl_random_internal_pool_urbg.a in Frameworks */,
				50F25C4F2BDE4FDC0023CD86 /* libabsl_log_internal_nullguard.a in Frameworks */,
				50F25C462BDE4FDC0023CD86 /* libabsl_log_internal_conditions.a in Frameworks */,
				50F25C742BDE4FDC0023CD86 /* libabsl_crc32c.a in Frameworks */,
				50F25CA12BDE4FDC0023CD86 /* libabsl_civil_time.a in Frameworks */,
				50F25C922BDE4FDC0023CD86 /* libabsl_leak_check.a in Frameworks */,
				50F25C8E2BDE4FDC0023CD86 /* libabsl_synchronization.a in Frameworks */,
				50F25C6A2BDE4FDC0023CD86 /* libabsl_str_format_internal.a in Frameworks */,
				50F25C562BDE4FDC0023CD86 /* libabsl_string_view.a in Frameworks */,
				50F25C872BDE4FDC0023CD86 /* libabsl_flags_parse.a in Frameworks */,
				50F25C9B2BDE4FDC0023CD86 /* libabsl_flags_internal.a in Frameworks */,
				50F25C822BDE4FDC0023CD86 /* libabsl_stacktrace.a in Frameworks */,
				50F25C552BDE4FDC0023CD86 /* libabsl_log_internal_format.a in Frameworks */,
				50F25C5D2BDE4FDC0023CD86 /* libabsl_random_distributions.a in Frameworks */,
				50F25C812BDE4FDC0023CD86 /* libabsl_log_internal_check_op.a in Frameworks */,
				50F25C492BDE4FDC0023CD86 /* libabsl_kernel_timeout_internal.a in Frameworks */,
				50F25C6C2BDE4FDC0023CD86 /* libabsl_flags_usage.a in Frameworks */,
				50F25C622BDE4FDC0023CD86 /* libabsl_debugging_internal.a in Frameworks */,
				50F25C632BDE4FDC0023CD86 /* libleigod-im-cross-sdk.a in Frameworks */,
			);
			runOnlyForDeploymentPostprocessing = 0;
		};
		9B563ABA2BD9E63C001E29EA /* Frameworks */ = {
			isa = PBXFrameworksBuildPhase;
			buildActionMask = 2147483647;
			files = (
				50F25BD32BDE4F480023CD86 /* sdk_lib.framework in Frameworks */,
			);
			runOnlyForDeploymentPostprocessing = 0;
		};
/* End PBXFrameworksBuildPhase section */

/* Begin PBXGroup section */
		50F25BBF2BDE4F480023CD86 /* sdk_lib */ = {
			isa = PBXGroup;
			children = (
				50F25BC02BDE4F480023CD86 /* sdk_lib.h */,
				50F25BDE2BDE4FDA0023CD86 /* leigod-im-cross-sdk.h */,
				50F25BDC2BDE4FDA0023CD86 /* LEIGODIMCommonDelegate.h */,
				50F25BDD2BDE4FDA0023CD86 /* LEIGODIMCommonManager.h */,
				50F25BE02BDE4FDA0023CD86 /* LEIGODIMCommonManager.mm */,
				50F25BDF2BDE4FDA0023CD86 /* LEIGODIMLoginManager.h */,
				50F25C3F2BDE4FDB0023CD86 /* LEIGODIMLoginManager.mm */,
				50F25BE12BDE4FDB0023CD86 /* single-library */,
				50F25BC12BDE4F480023CD86 /* sdk_lib.docc */,
			);
			path = sdk_lib;
			sourceTree = "<group>";
		};
		50F25BE12BDE4FDB0023CD86 /* single-library */ = {
			isa = PBXGroup;
			children = (
				50F25BE22BDE4FDB0023CD86 /* libabsl_die_if_null.a */,
				50F25BE32BDE4FDB0023CD86 /* libabsl_log_internal_conditions.a */,
				50F25BE42BDE4FDB0023CD86 /* libabsl_city.a */,
				50F25BE52BDE4FDB0023CD86 /* libabsl_time_zone.a */,
				50F25BE62BDE4FDB0023CD86 /* libabsl_kernel_timeout_internal.a */,
				50F25BE72BDE4FDB0023CD86 /* libabsl_spinlock_wait.a */,
				50F25BE82BDE4FDB0023CD86 /* libabsl_cord.a */,
				50F25BE92BDE4FDB0023CD86 /* libabsl_status.a */,
				50F25BEA2BDE4FDB0023CD86 /* libabsl_log_severity.a */,
				50F25BEB2BDE4FDB0023CD86 /* libabsl_failure_signal_handler.a */,
				50F25BEC2BDE4FDB0023CD86 /* libabsl_log_internal_nullguard.a */,
				50F25BED2BDE4FDB0023CD86 /* libabsl_log_internal_log_sink_set.a */,
				50F25BEE2BDE4FDB0023CD86 /* libabsl_bad_optional_access.a */,
				50F25BEF2BDE4FDB0023CD86 /* libabsl_hash.a */,
				50F25BF02BDE4FDB0023CD86 /* libabsl_flags_commandlineflag.a */,
				50F25BF12BDE4FDB0023CD86 /* libabsl_raw_logging_internal.a */,
				50F25BF22BDE4FDB0023CD86 /* libabsl_log_internal_format.a */,
				50F25BF32BDE4FDB0023CD86 /* libabsl_string_view.a */,
				50F25BF42BDE4FDB0023CD86 /* libabsl_random_internal_pool_urbg.a */,
				50F25BF52BDE4FDB0023CD86 /* libabsl_cord_internal.a */,
				50F25BF62BDE4FDB0023CD86 /* libabsl_base.a */,
				50F25BF72BDE4FDB0023CD86 /* libabsl_cordz_info.a */,
				50F25BF82BDE4FDB0023CD86 /* libabsl_bad_any_cast_impl.a */,
				50F25BF92BDE4FDB0023CD86 /* libabsl_periodic_sampler.a */,
				50F25BFA2BDE4FDB0023CD86 /* libabsl_random_distributions.a */,
				50F25BFB2BDE4FDB0023CD86 /* libabsl_flags_usage_internal.a */,
				50F25BFC2BDE4FDB0023CD86 /* libabsl_random_seed_sequences.a */,
				50F25BFD2BDE4FDB0023CD86 /* libabsl_random_internal_platform.a */,
				50F25BFE2BDE4FDB0023CD86 /* libabsl_throw_delegate.a */,
				50F25BFF2BDE4FDB0023CD86 /* libabsl_debugging_internal.a */,
				50F25C002BDE4FDB0023CD86 /* libleigod-im-cross-sdk.a */,
				50F25C012BDE4FDB0023CD86 /* libabsl_log_internal_fnmatch.a */,
				50F25C022BDE4FDB0023CD86 /* libabsl_flags_private_handle_accessor.a */,
				50F25C032BDE4FDB0023CD86 /* libutf8_range.a */,
				50F25C042BDE4FDB0023CD86 /* libabsl_strings.a */,
				50F25C052BDE4FDB0023CD86 /* libabsl_malloc_internal.a */,
				50F25C062BDE4FDB0023CD86 /* libprotobuf.a */,
				50F25C072BDE4FDB0023CD86 /* libabsl_str_format_internal.a */,
				50F25C082BDE4FDB0023CD86 /* libprotoc.a */,
				50F25C092BDE4FDB0023CD86 /* libabsl_flags_usage.a */,
				50F25C0A2BDE4FDB0023CD86 /* libprotobuf-lite.a */,
				50F25C0B2BDE4FDB0023CD86 /* libabsl_strings_internal.a */,
				50F25C0C2BDE4FDB0023CD86 /* libabsl_flags_program_name.a */,
				50F25C0D2BDE4FDB0023CD86 /* libabsl_int128.a */,
				50F25C0E2BDE4FDB0023CD86 /* libabsl_crc_cord_state.a */,
				50F25C0F2BDE4FDB0023CD86 /* libabsl_scoped_set_env.a */,
				50F25C102BDE4FDB0023CD86 /* libabsl_raw_hash_set.a */,
				50F25C112BDE4FDB0023CD86 /* libabsl_crc32c.a */,
				50F25C122BDE4FDB0023CD86 /* libabsl_random_internal_seed_material.a */,
				50F25C132BDE4FDB0023CD86 /* libabsl_symbolize.a */,
				50F25C142BDE4FDB0023CD86 /* libabsl_crc_internal.a */,
				50F25C152BDE4FDB0023CD86 /* libabsl_random_internal_randen_slow.a */,
				50F25C162BDE4FDB0023CD86 /* libabsl_graphcycles_internal.a */,
				50F25C172BDE4FDB0023CD86 /* libabsl_exponential_biased.a */,
				50F25C182BDE4FDB0023CD86 /* libabsl_random_internal_randen_hwaes_impl.a */,
				50F25C192BDE4FDB0023CD86 /* libabsl_crc_cpu_detect.a */,
				50F25C1A2BDE4FDB0023CD86 /* libabsl_bad_variant_access.a */,
				50F25C1B2BDE4FDB0023CD86 /* libabsl_statusor.a */,
				50F25C1C2BDE4FDB0023CD86 /* libabsl_log_internal_globals.a */,
				50F25C1D2BDE4FDB0023CD86 /* libabsl_log_sink.a */,
				50F25C1E2BDE4FDB0023CD86 /* libabsl_log_internal_check_op.a */,
				50F25C1F2BDE4FDB0023CD86 /* libabsl_stacktrace.a */,
				50F25C202BDE4FDB0023CD86 /* libabsl_cordz_handle.a */,
				50F25C212BDE4FDB0023CD86 /* libabsl_log_internal_message.a */,
				50F25C222BDE4FDB0023CD86 /* libabsl_log_initialize.a */,
				50F25C232BDE4FDB0023CD86 /* libabsl_random_internal_randen_hwaes.a */,
				50F25C242BDE4FDB0023CD86 /* libabsl_flags_parse.a */,
				50F25C252BDE4FDB0023CD86 /* libabsl_log_globals.a */,
				50F25C262BDE4FDB0023CD86 /* libabsl_log_internal_proto.a */,
				50F25C272BDE4FDB0023CD86 /* libabsl_random_internal_randen.a */,
				50F25C282BDE4FDB0023CD86 /* libabsl_random_internal_distribution_test_util.a */,
				50F25C292BDE4FDB0023CD86 /* libabsl_time.a */,
				50F25C2A2BDE4FDB0023CD86 /* libabsl_flags_config.a */,
				50F25C2B2BDE4FDB0023CD86 /* libabsl_synchronization.a */,
				50F25C2C2BDE4FDB0023CD86 /* libabsl_flags_commandlineflag_internal.a */,
				50F25C2D2BDE4FDB0023CD86 /* libabsl_hashtablez_sampler.a */,
				50F25C2E2BDE4FDB0023CD86 /* libabsl_demangle_internal.a */,
				50F25C2F2BDE4FDB0023CD86 /* libabsl_leak_check.a */,
				50F25C302BDE4FDB0023CD86 /* libabsl_flags_marshalling.a */,
				50F25C312BDE4FDB0023CD86 /* libutf8_validity.a */,
				50F25C322BDE4FDB0023CD86 /* libabsl_strerror.a */,
				50F25C332BDE4FDB0023CD86 /* libabsl_log_entry.a */,
				50F25C342BDE4FDB0023CD86 /* libabsl_flags_reflection.a */,
				50F25C352BDE4FDB0023CD86 /* libsqlite3.a */,
				50F25C362BDE4FDB0023CD86 /* libabsl_cordz_functions.a */,
				50F25C372BDE4FDB0023CD86 /* libabsl_examine_stack.a */,
				50F25C382BDE4FDB0023CD86 /* libabsl_flags_internal.a */,
				50F25C392BDE4FDB0023CD86 /* libabsl_low_level_hash.a */,
				50F25C3A2BDE4FDB0023CD86 /* libabsl_random_seed_gen_exception.a */,
				50F25C3B2BDE4FDB0023CD86 /* libabsl_vlog_config_internal.a */,
				50F25C3C2BDE4FDB0023CD86 /* libabsl_log_flags.a */,
				50F25C3D2BDE4FDB0023CD86 /* libabsl_cordz_sample_token.a */,
				50F25C3E2BDE4FDB0023CD86 /* libabsl_civil_time.a */,
			);
			path = "single-library";
			sourceTree = "<group>";
		};
		9B563AB42BD9E63C001E29EA = {
			isa = PBXGroup;
			children = (
				9B563ABF2BD9E63C001E29EA /* imsdk_demo */,
				50F25BBF2BDE4F480023CD86 /* sdk_lib */,
				9B563ABE2BD9E63C001E29EA /* Products */,
				9B563BFB2BD9EA5A001E29EA /* Frameworks */,
			);
			sourceTree = "<group>";
		};
		9B563ABE2BD9E63C001E29EA /* Products */ = {
			isa = PBXGroup;
			children = (
				9B563ABD2BD9E63C001E29EA /* imsdk_demo.app */,
				50F25BBE2BDE4F480023CD86 /* sdk_lib.framework */,
			);
			name = Products;
			sourceTree = "<group>";
		};
		9B563ABF2BD9E63C001E29EA /* imsdk_demo */ = {
			isa = PBXGroup;
			children = (
				9B563AC02BD9E63C001E29EA /* AppDelegate.h */,
				9B563AC12BD9E63C001E29EA /* AppDelegate.m */,
				9B563AC32BD9E63C001E29EA /* SceneDelegate.h */,
				9B563AC42BD9E63C001E29EA /* SceneDelegate.m */,
				9B563AC62BD9E63C001E29EA /* ViewController.h */,
				9B563AC72BD9E63C001E29EA /* ViewController.m */,
				9B563AC92BD9E63C001E29EA /* Main.storyboard */,
				9B563ACC2BD9E63D001E29EA /* Assets.xcassets */,
				9B563ACE2BD9E63D001E29EA /* LaunchScreen.storyboard */,
				9B563AD12BD9E63D001E29EA /* Info.plist */,
				9B563AD22BD9E63D001E29EA /* main.m */,
			);
			path = imsdk_demo;
			sourceTree = "<group>";
		};
		9B563BFB2BD9EA5A001E29EA /* Frameworks */ = {
			isa = PBXGroup;
			children = (
			);
			name = Frameworks;
			sourceTree = "<group>";
		};
/* End PBXGroup section */

/* Begin PBXHeadersBuildPhase section */
		50F25BB92BDE4F480023CD86 /* Headers */ = {
			isa = PBXHeadersBuildPhase;
			buildActionMask = 2147483647;
			files = (
				50F25C432BDE4FDC0023CD86 /* LEIGODIMLoginManager.h in Headers */,
				50F25C402BDE4FDB0023CD86 /* LEIGODIMCommonDelegate.h in Headers */,
				50F25C412BDE4FDB0023CD86 /* LEIGODIMCommonManager.h in Headers */,
			);
			runOnlyForDeploymentPostprocessing = 0;
		};
/* End PBXHeadersBuildPhase section */

/* Begin PBXNativeTarget section */
		50F25BBD2BDE4F480023CD86 /* sdk_lib */ = {
			isa = PBXNativeTarget;
			buildConfigurationList = 50F25BD52BDE4F480023CD86 /* Build configuration list for PBXNativeTarget "sdk_lib" */;
			buildPhases = (
				50F25BB92BDE4F480023CD86 /* Headers */,
				50F25BBA2BDE4F480023CD86 /* Sources */,
				50F25BBB2BDE4F480023CD86 /* Frameworks */,
				50F25BBC2BDE4F480023CD86 /* Resources */,
			);
			buildRules = (
			);
			dependencies = (
			);
			name = sdk_lib;
			productName = sdk_lib;
			productReference = 50F25BBE2BDE4F480023CD86 /* sdk_lib.framework */;
			productType = "com.apple.product-type.framework";
		};
		9B563ABC2BD9E63C001E29EA /* imsdk_demo */ = {
			isa = PBXNativeTarget;
			buildConfigurationList = 9B563AD62BD9E63D001E29EA /* Build configuration list for PBXNativeTarget "imsdk_demo" */;
			buildPhases = (
				9B563AB92BD9E63C001E29EA /* Sources */,
				9B563ABA2BD9E63C001E29EA /* Frameworks */,
				9B563ABB2BD9E63C001E29EA /* Resources */,
				50F25BD82BDE4F480023CD86 /* Embed Frameworks */,
			);
			buildRules = (
			);
			dependencies = (
				50F25BD22BDE4F480023CD86 /* PBXTargetDependency */,
			);
			name = imsdk_demo;
			productName = imsdk_demo;
			productReference = 9B563ABD2BD9E63C001E29EA /* imsdk_demo.app */;
			productType = "com.apple.product-type.application";
		};
/* End PBXNativeTarget section */

/* Begin PBXProject section */
		9B563AB52BD9E63C001E29EA /* Project object */ = {
			isa = PBXProject;
			attributes = {
				BuildIndependentTargetsInParallel = 1;
				LastUpgradeCheck = 1530;
				TargetAttributes = {
					50F25BBD2BDE4F480023CD86 = {
						CreatedOnToolsVersion = 15.0;
					};
					9B563ABC2BD9E63C001E29EA = {
						CreatedOnToolsVersion = 15.3;
					};
				};
			};
			buildConfigurationList = 9B563AB82BD9E63C001E29EA /* Build configuration list for PBXProject "imsdk_demo" */;
			compatibilityVersion = "Xcode 14.0";
			developmentRegion = en;
			hasScannedForEncodings = 0;
			knownRegions = (
				en,
				Base,
			);
			mainGroup = 9B563AB42BD9E63C001E29EA;
			productRefGroup = 9B563ABE2BD9E63C001E29EA /* Products */;
			projectDirPath = "";
			projectRoot = "";
			targets = (
				9B563ABC2BD9E63C001E29EA /* imsdk_demo */,
				50F25BBD2BDE4F480023CD86 /* sdk_lib */,
			);
		};
/* End PBXProject section */

/* Begin PBXResourcesBuildPhase section */
		50F25BBC2BDE4F480023CD86 /* Resources */ = {
			isa = PBXResourcesBuildPhase;
			buildActionMask = 2147483647;
			files = (
			);
			runOnlyForDeploymentPostprocessing = 0;
		};
		9B563ABB2BD9E63C001E29EA /* Resources */ = {
			isa = PBXResourcesBuildPhase;
			buildActionMask = 2147483647;
			files = (
				9B563ACD2BD9E63D001E29EA /* Assets.xcassets in Resources */,
				9B563AD02BD9E63D001E29EA /* Base in Resources */,
				9B563ACB2BD9E63C001E29EA /* Base in Resources */,
			);
			runOnlyForDeploymentPostprocessing = 0;
		};
/* End PBXResourcesBuildPhase section */

/* Begin PBXSourcesBuildPhase section */
		50F25BBA2BDE4F480023CD86 /* Sources */ = {
			isa = PBXSourcesBuildPhase;
			buildActionMask = 2147483647;
			files = (
				50F25C442BDE4FDC0023CD86 /* LEIGODIMCommonManager.mm in Sources */,
				50F25CA22BDE4FDC0023CD86 /* LEIGODIMLoginManager.mm in Sources */,
				50F25BC22BDE4F480023CD86 /* sdk_lib.docc in Sources */,
			);
			runOnlyForDeploymentPostprocessing = 0;
		};
		9B563AB92BD9E63C001E29EA /* Sources */ = {
			isa = PBXSourcesBuildPhase;
			buildActionMask = 2147483647;
			files = (
				9B563AC82BD9E63C001E29EA /* ViewController.m in Sources */,
				9B563AC22BD9E63C001E29EA /* AppDelegate.m in Sources */,
				9B563AD32BD9E63D001E29EA /* main.m in Sources */,
				9B563AC52BD9E63C001E29EA /* SceneDelegate.m in Sources */,
			);
			runOnlyForDeploymentPostprocessing = 0;
		};
/* End PBXSourcesBuildPhase section */

/* Begin PBXTargetDependency section */
		50F25BD22BDE4F480023CD86 /* PBXTargetDependency */ = {
			isa = PBXTargetDependency;
			target = 50F25BBD2BDE4F480023CD86 /* sdk_lib */;
			targetProxy = 50F25BD12BDE4F480023CD86 /* PBXContainerItemProxy */;
		};
/* End PBXTargetDependency section */

/* Begin PBXVariantGroup section */
		9B563AC92BD9E63C001E29EA /* Main.storyboard */ = {
			isa = PBXVariantGroup;
			children = (
				9B563ACA2BD9E63C001E29EA /* Base */,
			);
			name = Main.storyboard;
			sourceTree = "<group>";
		};
		9B563ACE2BD9E63D001E29EA /* LaunchScreen.storyboard */ = {
			isa = PBXVariantGroup;
			children = (
				9B563ACF2BD9E63D001E29EA /* Base */,
			);
			name = LaunchScreen.storyboard;
			sourceTree = "<group>";
		};
/* End PBXVariantGroup section */

/* Begin XCBuildConfiguration section */
		50F25BD62BDE4F480023CD86 /* Debug */ = {
			isa = XCBuildConfiguration;
			buildSettings = {
				CODE_SIGN_STYLE = Automatic;
				CURRENT_PROJECT_VERSION = 1;
				DEFINES_MODULE = YES;
				DEVELOPMENT_TEAM = LX4548D2Q6;
				DYLIB_COMPATIBILITY_VERSION = 1;
				DYLIB_CURRENT_VERSION = 1;
				DYLIB_INSTALL_NAME_BASE = "@rpath";
				ENABLE_MODULE_VERIFIER = YES;
				GENERATE_INFOPLIST_FILE = YES;
				INFOPLIST_KEY_NSHumanReadableCopyright = "";
				INSTALL_PATH = "$(LOCAL_LIBRARY_DIR)/Frameworks";
				IPHONEOS_DEPLOYMENT_TARGET = 17.0;
				LD_RUNPATH_SEARCH_PATHS = (
					"$(inherited)",
					"@executable_path/Frameworks",
					"@loader_path/Frameworks",
				);
				LIBRARY_SEARCH_PATHS = (
					"$(inherited)",
					"$(PROJECT_DIR)/sdk_lib/single-library",
				);
				MARKETING_VERSION = 1.0;
				MODULE_VERIFIER_SUPPORTED_LANGUAGES = "objective-c objective-c++";
				MODULE_VERIFIER_SUPPORTED_LANGUAGE_STANDARDS = "gnu17 gnu++20";
				PRODUCT_BUNDLE_IDENTIFIER = "leigod.sdk-lib";
				PRODUCT_NAME = "$(TARGET_NAME:c99extidentifier)";
				SKIP_INSTALL = YES;
				SWIFT_EMIT_LOC_STRINGS = YES;
				TARGETED_DEVICE_FAMILY = "1,2";
				VERSIONING_SYSTEM = "apple-generic";
				VERSION_INFO_PREFIX = "";
			};
			name = Debug;
		};
		50F25BD72BDE4F480023CD86 /* Release */ = {
			isa = XCBuildConfiguration;
			buildSettings = {
				CODE_SIGN_STYLE = Automatic;
				CURRENT_PROJECT_VERSION = 1;
				DEFINES_MODULE = YES;
				DEVELOPMENT_TEAM = LX4548D2Q6;
				DYLIB_COMPATIBILITY_VERSION = 1;
				DYLIB_CURRENT_VERSION = 1;
				DYLIB_INSTALL_NAME_BASE = "@rpath";
				ENABLE_MODULE_VERIFIER = YES;
				GENERATE_INFOPLIST_FILE = YES;
				INFOPLIST_KEY_NSHumanReadableCopyright = "";
				INSTALL_PATH = "$(LOCAL_LIBRARY_DIR)/Frameworks";
				IPHONEOS_DEPLOYMENT_TARGET = 17.0;
				LD_RUNPATH_SEARCH_PATHS = (
					"$(inherited)",
					"@executable_path/Frameworks",
					"@loader_path/Frameworks",
				);
				LIBRARY_SEARCH_PATHS = (
					"$(inherited)",
					"$(PROJECT_DIR)/sdk_lib/single-library",
				);
				MARKETING_VERSION = 1.0;
				MODULE_VERIFIER_SUPPORTED_LANGUAGES = "objective-c objective-c++";
				MODULE_VERIFIER_SUPPORTED_LANGUAGE_STANDARDS = "gnu17 gnu++20";
				PRODUCT_BUNDLE_IDENTIFIER = "leigod.sdk-lib";
				PRODUCT_NAME = "$(TARGET_NAME:c99extidentifier)";
				SKIP_INSTALL = YES;
				SWIFT_EMIT_LOC_STRINGS = YES;
				TARGETED_DEVICE_FAMILY = "1,2";
				VERSIONING_SYSTEM = "apple-generic";
				VERSION_INFO_PREFIX = "";
			};
			name = Release;
		};
		9B563AD42BD9E63D001E29EA /* Debug */ = {
			isa = XCBuildConfiguration;
			buildSettings = {
				ALWAYS_SEARCH_USER_PATHS = NO;
				ASSETCATALOG_COMPILER_GENERATE_SWIFT_ASSET_SYMBOL_EXTENSIONS = YES;
				CLANG_ANALYZER_NONNULL = YES;
				CLANG_ANALYZER_NUMBER_OBJECT_CONVERSION = YES_AGGRESSIVE;
				CLANG_CXX_LANGUAGE_STANDARD = "gnu++20";
				CLANG_ENABLE_MODULES = YES;
				CLANG_ENABLE_OBJC_ARC = YES;
				CLANG_ENABLE_OBJC_WEAK = YES;
				CLANG_WARN_BLOCK_CAPTURE_AUTORELEASING = YES;
				CLANG_WARN_BOOL_CONVERSION = YES;
				CLANG_WARN_COMMA = YES;
				CLANG_WARN_CONSTANT_CONVERSION = YES;
				CLANG_WARN_DEPRECATED_OBJC_IMPLEMENTATIONS = YES;
				CLANG_WARN_DIRECT_OBJC_ISA_USAGE = YES_ERROR;
				CLANG_WARN_DOCUMENTATION_COMMENTS = YES;
				CLANG_WARN_EMPTY_BODY = YES;
				CLANG_WARN_ENUM_CONVERSION = YES;
				CLANG_WARN_INFINITE_RECURSION = YES;
				CLANG_WARN_INT_CONVERSION = YES;
				CLANG_WARN_NON_LITERAL_NULL_CONVERSION = YES;
				CLANG_WARN_OBJC_IMPLICIT_RETAIN_SELF = YES;
				CLANG_WARN_OBJC_LITERAL_CONVERSION = YES;
				CLANG_WARN_OBJC_ROOT_CLASS = YES_ERROR;
				CLANG_WARN_QUOTED_INCLUDE_IN_FRAMEWORK_HEADER = YES;
				CLANG_WARN_RANGE_LOOP_ANALYSIS = YES;
				CLANG_WARN_STRICT_PROTOTYPES = YES;
				CLANG_WARN_SUSPICIOUS_MOVE = YES;
				CLANG_WARN_UNGUARDED_AVAILABILITY = YES_AGGRESSIVE;
				CLANG_WARN_UNREACHABLE_CODE = YES;
				CLANG_WARN__DUPLICATE_METHOD_MATCH = YES;
				COPY_PHASE_STRIP = NO;
				DEBUG_INFORMATION_FORMAT = dwarf;
				ENABLE_STRICT_OBJC_MSGSEND = YES;
				ENABLE_TESTABILITY = YES;
				ENABLE_USER_SCRIPT_SANDBOXING = YES;
				GCC_C_LANGUAGE_STANDARD = gnu17;
				GCC_DYNAMIC_NO_PIC = NO;
				GCC_NO_COMMON_BLOCKS = YES;
				GCC_OPTIMIZATION_LEVEL = 0;
				GCC_PREPROCESSOR_DEFINITIONS = (
					"DEBUG=1",
					"$(inherited)",
				);
				GCC_WARN_64_TO_32_BIT_CONVERSION = YES;
				GCC_WARN_ABOUT_RETURN_TYPE = YES_ERROR;
				GCC_WARN_UNDECLARED_SELECTOR = YES;
				GCC_WARN_UNINITIALIZED_AUTOS = YES_AGGRESSIVE;
				GCC_WARN_UNUSED_FUNCTION = YES;
				GCC_WARN_UNUSED_VARIABLE = YES;
				IPHONEOS_DEPLOYMENT_TARGET = 13.0;
				LOCALIZATION_PREFERS_STRING_CATALOGS = YES;
				MTL_ENABLE_DEBUG_INFO = INCLUDE_SOURCE;
				MTL_FAST_MATH = YES;
				ONLY_ACTIVE_ARCH = YES;
				SDKROOT = iphoneos;
			};
			name = Debug;
		};
		9B563AD52BD9E63D001E29EA /* Release */ = {
			isa = XCBuildConfiguration;
			buildSettings = {
				ALWAYS_SEARCH_USER_PATHS = NO;
				ASSETCATALOG_COMPILER_GENERATE_SWIFT_ASSET_SYMBOL_EXTENSIONS = YES;
				CLANG_ANALYZER_NONNULL = YES;
				CLANG_ANALYZER_NUMBER_OBJECT_CONVERSION = YES_AGGRESSIVE;
				CLANG_CXX_LANGUAGE_STANDARD = "gnu++20";
				CLANG_ENABLE_MODULES = YES;
				CLANG_ENABLE_OBJC_ARC = YES;
				CLANG_ENABLE_OBJC_WEAK = YES;
				CLANG_WARN_BLOCK_CAPTURE_AUTORELEASING = YES;
				CLANG_WARN_BOOL_CONVERSION = YES;
				CLANG_WARN_COMMA = YES;
				CLANG_WARN_CONSTANT_CONVERSION = YES;
				CLANG_WARN_DEPRECATED_OBJC_IMPLEMENTATIONS = YES;
				CLANG_WARN_DIRECT_OBJC_ISA_USAGE = YES_ERROR;
				CLANG_WARN_DOCUMENTATION_COMMENTS = YES;
				CLANG_WARN_EMPTY_BODY = YES;
				CLANG_WARN_ENUM_CONVERSION = YES;
				CLANG_WARN_INFINITE_RECURSION = YES;
				CLANG_WARN_INT_CONVERSION = YES;
				CLANG_WARN_NON_LITERAL_NULL_CONVERSION = YES;
				CLANG_WARN_OBJC_IMPLICIT_RETAIN_SELF = YES;
				CLANG_WARN_OBJC_LITERAL_CONVERSION = YES;
				CLANG_WARN_OBJC_ROOT_CLASS = YES_ERROR;
				CLANG_WARN_QUOTED_INCLUDE_IN_FRAMEWORK_HEADER = YES;
				CLANG_WARN_RANGE_LOOP_ANALYSIS = YES;
				CLANG_WARN_STRICT_PROTOTYPES = YES;
				CLANG_WARN_SUSPICIOUS_MOVE = YES;
				CLANG_WARN_UNGUARDED_AVAILABILITY = YES_AGGRESSIVE;
				CLANG_WARN_UNREACHABLE_CODE = YES;
				CLANG_WARN__DUPLICATE_METHOD_MATCH = YES;
				COPY_PHASE_STRIP = NO;
				DEBUG_INFORMATION_FORMAT = "dwarf-with-dsym";
				ENABLE_NS_ASSERTIONS = NO;
				ENABLE_STRICT_OBJC_MSGSEND = YES;
				ENABLE_USER_SCRIPT_SANDBOXING = YES;
				GCC_C_LANGUAGE_STANDARD = gnu17;
				GCC_NO_COMMON_BLOCKS = YES;
				GCC_WARN_64_TO_32_BIT_CONVERSION = YES;
				GCC_WARN_ABOUT_RETURN_TYPE = YES_ERROR;
				GCC_WARN_UNDECLARED_SELECTOR = YES;
				GCC_WARN_UNINITIALIZED_AUTOS = YES_AGGRESSIVE;
				GCC_WARN_UNUSED_FUNCTION = YES;
				GCC_WARN_UNUSED_VARIABLE = YES;
				IPHONEOS_DEPLOYMENT_TARGET = 13.0;
				LOCALIZATION_PREFERS_STRING_CATALOGS = YES;
				MTL_ENABLE_DEBUG_INFO = NO;
				MTL_FAST_MATH = YES;
				SDKROOT = iphoneos;
				VALIDATE_PRODUCT = YES;
			};
			name = Release;
		};
		9B563AD72BD9E63D001E29EA /* Debug */ = {
			isa = XCBuildConfiguration;
			buildSettings = {
				ASSETCATALOG_COMPILER_APPICON_NAME = AppIcon;
				ASSETCATALOG_COMPILER_GLOBAL_ACCENT_COLOR_NAME = AccentColor;
				CODE_SIGN_STYLE = Automatic;
				CURRENT_PROJECT_VERSION = 1;
				DEVELOPMENT_TEAM = LX4548D2Q6;
				GENERATE_INFOPLIST_FILE = YES;
				INFOPLIST_FILE = imsdk_demo/Info.plist;
				INFOPLIST_KEY_UIApplicationSupportsIndirectInputEvents = YES;
				INFOPLIST_KEY_UILaunchStoryboardName = LaunchScreen;
				INFOPLIST_KEY_UIMainStoryboardFile = Main;
				INFOPLIST_KEY_UISupportedInterfaceOrientations = UIInterfaceOrientationPortrait;
				IPHONEOS_DEPLOYMENT_TARGET = 13.0;
				LD_RUNPATH_SEARCH_PATHS = (
					"$(inherited)",
					"@executable_path/Frameworks",
				);
				LIBRARY_SEARCH_PATHS = (
					"$(inherited)",
					"$(PROJECT_DIR)/imsdk_demo/SDK/single-library",
					"$(PROJECT_DIR)/imsdk_demo/SDK/leigod-im-cross-sdk",
					"$(PROJECT_DIR)/imsdk_demo/SDK/LEIGODIMCommonDelegate",
					"$(PROJECT_DIR)/imsdk_demo/SDK/LEIGODIMCommonManager",
					"$(PROJECT_DIR)/imsdk_demo/SDK/LEIGODIMLoginManager",
				);
				MARKETING_VERSION = 1.0;
				PRODUCT_BUNDLE_IDENTIFIER = "leigod.imsdk-demo";
				PRODUCT_NAME = "$(TARGET_NAME)";
				SUPPORTED_PLATFORMS = "iphoneos iphonesimulator";
				SUPPORTS_MACCATALYST = NO;
				SUPPORTS_MAC_DESIGNED_FOR_IPHONE_IPAD = YES;
				SUPPORTS_XR_DESIGNED_FOR_IPHONE_IPAD = NO;
				SWIFT_EMIT_LOC_STRINGS = YES;
				TARGETED_DEVICE_FAMILY = 1;
			};
			name = Debug;
		};
		9B563AD82BD9E63D001E29EA /* Release */ = {
			isa = XCBuildConfiguration;
			buildSettings = {
				ASSETCATALOG_COMPILER_APPICON_NAME = AppIcon;
				ASSETCATALOG_COMPILER_GLOBAL_ACCENT_COLOR_NAME = AccentColor;
				CODE_SIGN_STYLE = Automatic;
				CURRENT_PROJECT_VERSION = 1;
				DEVELOPMENT_TEAM = LX4548D2Q6;
				GENERATE_INFOPLIST_FILE = YES;
				INFOPLIST_FILE = imsdk_demo/Info.plist;
				INFOPLIST_KEY_UIApplicationSupportsIndirectInputEvents = YES;
				INFOPLIST_KEY_UILaunchStoryboardName = LaunchScreen;
				INFOPLIST_KEY_UIMainStoryboardFile = Main;
				INFOPLIST_KEY_UISupportedInterfaceOrientations = UIInterfaceOrientationPortrait;
				IPHONEOS_DEPLOYMENT_TARGET = 13.0;
				LD_RUNPATH_SEARCH_PATHS = (
					"$(inherited)",
					"@executable_path/Frameworks",
				);
				LIBRARY_SEARCH_PATHS = (
					"$(inherited)",
					"$(PROJECT_DIR)/imsdk_demo/SDK/single-library",
					"$(PROJECT_DIR)/imsdk_demo/SDK/leigod-im-cross-sdk",
					"$(PROJECT_DIR)/imsdk_demo/SDK/LEIGODIMCommonDelegate",
					"$(PROJECT_DIR)/imsdk_demo/SDK/LEIGODIMCommonManager",
					"$(PROJECT_DIR)/imsdk_demo/SDK/LEIGODIMLoginManager",
				);
				MARKETING_VERSION = 1.0;
				PRODUCT_BUNDLE_IDENTIFIER = "leigod.imsdk-demo";
				PRODUCT_NAME = "$(TARGET_NAME)";
				SUPPORTED_PLATFORMS = "iphoneos iphonesimulator";
				SUPPORTS_MACCATALYST = NO;
				SUPPORTS_MAC_DESIGNED_FOR_IPHONE_IPAD = YES;
				SUPPORTS_XR_DESIGNED_FOR_IPHONE_IPAD = NO;
				SWIFT_EMIT_LOC_STRINGS = YES;
				TARGETED_DEVICE_FAMILY = 1;
			};
			name = Release;
		};
/* End XCBuildConfiguration section */

/* Begin XCConfigurationList section */
		50F25BD52BDE4F480023CD86 /* Build configuration list for PBXNativeTarget "sdk_lib" */ = {
			isa = XCConfigurationList;
			buildConfigurations = (
				50F25BD62BDE4F480023CD86 /* Debug */,
				50F25BD72BDE4F480023CD86 /* Release */,
			);
			defaultConfigurationIsVisible = 0;
			defaultConfigurationName = Release;
		};
		9B563AB82BD9E63C001E29EA /* Build configuration list for PBXProject "imsdk_demo" */ = {
			isa = XCConfigurationList;
			buildConfigurations = (
				9B563AD42BD9E63D001E29EA /* Debug */,
				9B563AD52BD9E63D001E29EA /* Release */,
			);
			defaultConfigurationIsVisible = 0;
			defaultConfigurationName = Release;
		};
		9B563AD62BD9E63D001E29EA /* Build configuration list for PBXNativeTarget "imsdk_demo" */ = {
			isa = XCConfigurationList;
			buildConfigurations = (
				9B563AD72BD9E63D001E29EA /* Debug */,
				9B563AD82BD9E63D001E29EA /* Release */,
			);
			defaultConfigurationIsVisible = 0;
			defaultConfigurationName = Release;
		};
/* End XCConfigurationList section */
	};
	rootObject = 9B563AB52BD9E63C001E29EA /* Project object */;
}
